
Microsoft Visual Studio Solution File, Format Version 12.00
# Visual Studio 15
VisualStudioVersion = 15.0.28307.102
MinimumVisualStudioVersion = 10.0.40219.1
Project("{FAE04EC0-301F-11D3-BF4B-00C04F79EFBC}") = "StorageModeDemo", "StorageModeDemo\StorageModeDemo.csproj", "{339CF89B-5D0C-443C-889D-CB9A55E98EFC}"
EndProject
Project("{FAE04EC0-301F-11D3-BF4B-00C04F79EFBC}") = "StorageModeDemo.IRepository", "StorageModeDemo.IRepository\StorageModeDemo.IRepository.csproj", "{CDB4BD9A-6FFA-4BB8-A493-3C6E9041CB2C}"
EndProject
Project("{FAE04EC0-301F-11D3-BF4B-00C04F79EFBC}") = "StorageModeDemo.Repository", "StorageModeDemo.Repository\StorageModeDemo.Repository.csproj", "{67C2B5A9-16A3-41DB-BF10-0C2CB2E029D3}"
EndProject
Project("{FAE04EC0-301F-11D3-BF4B-00C04F79EFBC}") = "StorageModeDemo.IServices", "StorageModeDemo.IServices\StorageModeDemo.IServices.csproj", "{F533630F-CDCD-411D-9441-0B6982D62CF3}"
EndProject
Project("{FAE04EC0-301F-11D3-BF4B-00C04F79EFBC}") = "StorageModeDemo.Services", "StorageModeDemo.Services\StorageModeDemo.Services.csproj", "{7796AD1E-4BCA-48A1-BE1E-EBD2C9613C05}"
EndProject
Project("{FAE04EC0-301F-11D3-BF4B-00C04F79EFBC}") = "StorageModeDemo.Model", "StorageModeDemo.Model\StorageModeDemo.Model.csproj", "{38DB9E64-9FF2-4DEE-AA86-562FC69F58BD}"
EndProject
Global
	GlobalSection(SolutionConfigurationPlatforms) = preSolution
		Debug|Any CPU = Debug|Any CPU
		Release|Any CPU = Release|Any CPU
	EndGlobalSection
	GlobalSection(ProjectConfigurationPlatforms) = postSolution
		{339CF89B-5D0C-443C-889D-CB9A55E98EFC}.Debug|Any CPU.ActiveCfg = Debug|Any CPU
		{339CF89B-5D0C-443C-889D-CB9A55E98EFC}.Debug|Any CPU.Build.0 = Debug|Any CPU
		{339CF89B-5D0C-443C-889D-CB9A55E98EFC}.Release|Any CPU.ActiveCfg = Release|Any CPU
		{339CF89B-5D0C-443C-889D-CB9A55E98EFC}.Release|Any CPU.Build.0 = Release|Any CPU
		{CDB4BD9A-6FFA-4BB8-A493-3C6E9041CB2C}.Debug|Any CPU.ActiveCfg = Debug|Any CPU
		{CDB4BD9A-6FFA-4BB8-A493-3C6E9041CB2C}.Debug|Any CPU.Build.0 = Debug|Any CPU
		{CDB4BD9A-6FFA-4BB8-A493-3C6E9041CB2C}.Release|Any CPU.ActiveCfg = Release|Any CPU
		{CDB4BD9A-6FFA-4BB8-A493-3C6E9041CB2C}.Release|Any CPU.Build.0 = Release|Any CPU
		{67C2B5A9-16A3-41DB-BF10-0C2CB2E029D3}.Debug|Any CPU.ActiveCfg = Debug|Any CPU
		{67C2B5A9-16A3-41DB-BF10-0C2CB2E029D3}.Debug|Any CPU.Build.0 = Debug|Any CPU
		{67C2B5A9-16A3-41DB-BF10-0C2CB2E029D3}.Release|Any CPU.ActiveCfg = Release|Any CPU
		{67C2B5A9-16A3-41DB-BF10-0C2CB2E029D3}.Release|Any CPU.Build.0 = Release|Any CPU
		{F533630F-CDCD-411D-9441-0B6982D62CF3}.Debug|Any CPU.ActiveCfg = Debug|Any CPU
		{F533630F-CDCD-411D-9441-0B6982D62CF3}.Debug|Any CPU.Build.0 = Debug|Any CPU
		{F533630F-CDCD-411D-9441-0B6982D62CF3}.Release|Any CPU.ActiveCfg = Release|Any CPU
		{F533630F-CDCD-411D-9441-0B6982D62CF3}.Release|Any CPU.Build.0 = Release|Any CPU
		{7796AD1E-4BCA-48A1-BE1E-EBD2C9613C05}.Debug|Any CPU.ActiveCfg = Debug|Any CPU
		{7796AD1E-4BCA-48A1-BE1E-EBD2C9613C05}.Debug|Any CPU.Build.0 = Debug|Any CPU
		{7796AD1E-4BCA-48A1-BE1E-EBD2C9613C05}.Release|Any CPU.ActiveCfg = Release|Any CPU
		{7796AD1E-4BCA-48A1-BE1E-EBD2C9613C05}.Release|Any CPU.Build.0 = Release|Any CPU
		{38DB9E64-9FF2-4DEE-AA86-562FC69F58BD}.Debug|Any CPU.ActiveCfg = Debug|Any CPU
		{38DB9E64-9FF2-4DEE-AA86-562FC69F58BD}.Debug|Any CPU.Build.0 = Debug|Any CPU
		{38DB9E64-9FF2-4DEE-AA86-562FC69F58BD}.Release|Any CPU.ActiveCfg = Release|Any CPU
		{38DB9E64-9FF2-4DEE-AA86-562FC69F58BD}.Release|Any CPU.Build.0 = Release|Any CPU
	EndGlobalSection
	GlobalSection(SolutionProperties) = preSolution
		HideSolutionNode = FALSE
	EndGlobalSection
	GlobalSection(ExtensibilityGlobals) = postSolution
		SolutionGuid = {826A4049-1E78-40CD-9FC2-18FADFA58DF9}
	EndGlobalSection
EndGlobal
